{
  "name": "weixin",
  "version": "1.0.0",
  "lockfileVersion": 3,
  "requires": true,
  "packages": {
    "": {
      "name": "weixin",
      "version": "1.0.0",
      "license": "ISC",
      "devDependencies": {
        "miniprogram-api-typings": "^5.2.1"
      }
    },
    "node_modules/miniprogram-api-typings": {
      "version": "5.2.1",
      "resolved": "https://registry.npmjs.org/miniprogram-api-typings/-/miniprogram-api-typings-5.2.1.tgz",
      "integrity": "sha512-fbB2hapWx/vaXN4olDJEIS+OOkCjHlHLX0WG74XUJqhm0VJ8dpleBdgagHATjEpcbcH2z7AV8PjpwYp9dylfYA==",
      "dev": true,
      "license": "MIT"
    }
  }
}
